
Microsoft Visual Studio Solution File, Format Version 12.00
# Visual Studio Version 17
VisualStudioVersion = 17.14.36603.0 d17.14
MinimumVisualStudioVersion = 10.0.40219.1
Project("{FAE04EC0-301F-11D3-BF4B-00C04F79EFBC}") = "LearningBasics", "LearningBasics\LearningBasics.csproj", "{41C3CFD7-FAC1-4352-8A9F-2E35C009FB8A}"
EndProject
Global
	GlobalSection(SolutionConfigurationPlatforms) = preSolution
		Debug|Any CPU = Debug|Any CPU
		Release|Any CPU = Release|Any CPU
	EndGlobalSection
	GlobalSection(ProjectConfigurationPlatforms) = postSolution
		{41C3CFD7-FAC1-4352-8A9F-2E35C009FB8A}.Debug|Any CPU.ActiveCfg = Debug|Any CPU
		{41C3CFD7-FAC1-4352-8A9F-2E35C009FB8A}.Debug|Any CPU.Build.0 = Debug|Any CPU
		{41C3CFD7-FAC1-4352-8A9F-2E35C009FB8A}.Release|Any CPU.ActiveCfg = Release|Any CPU
		{41C3CFD7-FAC1-4352-8A9F-2E35C009FB8A}.Release|Any CPU.Build.0 = Release|Any CPU
	EndGlobalSection
	GlobalSection(SolutionProperties) = preSolution
		HideSolutionNode = FALSE
	EndGlobalSection
	GlobalSection(ExtensibilityGlobals) = postSolution
		SolutionGuid = {039128C5-3178-4C2C-8F51-7181F720E628}
	EndGlobalSection
EndGlobal
